
Microsoft Visual Studio Solution File, Format Version 12.00
# Visual Studio 15
VisualStudioVersion = 15.0.26124.0
MinimumVisualStudioVersion = 15.0.26124.0
Project("{2150E333-8FDC-42A3-9474-1A3956D46DE8}") = "src", "src", "{CBCF3727-245D-43BE-B128-4AC7B7416502}"
EndProject
Project("{FAE04EC0-301F-11D3-BF4B-00C04F79EFBC}") = "Functions", "src\Functions\Functions.csproj", "{EC07C396-CDEB-4043-B995-6261ADE3C795}"
EndProject
Project("{FAE04EC0-301F-11D3-BF4B-00C04F79EFBC}") = "Spotify", "src\Spotify\Spotify.csproj", "{3043BA1D-2B48-4707-90FA-C719D8596D7E}"
EndProject
Global
	GlobalSection(SolutionConfigurationPlatforms) = preSolution
		Debug|Any CPU = Debug|Any CPU
		Debug|x64 = Debug|x64
		Debug|x86 = Debug|x86
		Release|Any CPU = Release|Any CPU
		Release|x64 = Release|x64
		Release|x86 = Release|x86
	EndGlobalSection
	GlobalSection(SolutionProperties) = preSolution
		HideSolutionNode = FALSE
	EndGlobalSection
	GlobalSection(ProjectConfigurationPlatforms) = postSolution
		{EC07C396-CDEB-4043-B995-6261ADE3C795}.Debug|Any CPU.ActiveCfg = Debug|Any CPU
		{EC07C396-CDEB-4043-B995-6261ADE3C795}.Debug|Any CPU.Build.0 = Debug|Any CPU
		{EC07C396-CDEB-4043-B995-6261ADE3C795}.Debug|x64.ActiveCfg = Debug|Any CPU
		{EC07C396-CDEB-4043-B995-6261ADE3C795}.Debug|x64.Build.0 = Debug|Any CPU
		{EC07C396-CDEB-4043-B995-6261ADE3C795}.Debug|x86.ActiveCfg = Debug|Any CPU
		{EC07C396-CDEB-4043-B995-6261ADE3C795}.Debug|x86.Build.0 = Debug|Any CPU
		{EC07C396-CDEB-4043-B995-6261ADE3C795}.Release|Any CPU.ActiveCfg = Release|Any CPU
		{EC07C396-CDEB-4043-B995-6261ADE3C795}.Release|Any CPU.Build.0 = Release|Any CPU
		{EC07C396-CDEB-4043-B995-6261ADE3C795}.Release|x64.ActiveCfg = Release|Any CPU
		{EC07C396-CDEB-4043-B995-6261ADE3C795}.Release|x64.Build.0 = Release|Any CPU
		{EC07C396-CDEB-4043-B995-6261ADE3C795}.Release|x86.ActiveCfg = Release|Any CPU
		{EC07C396-CDEB-4043-B995-6261ADE3C795}.Release|x86.Build.0 = Release|Any CPU
		{3043BA1D-2B48-4707-90FA-C719D8596D7E}.Debug|Any CPU.ActiveCfg = Debug|Any CPU
		{3043BA1D-2B48-4707-90FA-C719D8596D7E}.Debug|Any CPU.Build.0 = Debug|Any CPU
		{3043BA1D-2B48-4707-90FA-C719D8596D7E}.Debug|x64.ActiveCfg = Debug|Any CPU
		{3043BA1D-2B48-4707-90FA-C719D8596D7E}.Debug|x64.Build.0 = Debug|Any CPU
		{3043BA1D-2B48-4707-90FA-C719D8596D7E}.Debug|x86.ActiveCfg = Debug|Any CPU
		{3043BA1D-2B48-4707-90FA-C719D8596D7E}.Debug|x86.Build.0 = Debug|Any CPU
		{3043BA1D-2B48-4707-90FA-C719D8596D7E}.Release|Any CPU.ActiveCfg = Release|Any CPU
		{3043BA1D-2B48-4707-90FA-C719D8596D7E}.Release|Any CPU.Build.0 = Release|Any CPU
		{3043BA1D-2B48-4707-90FA-C719D8596D7E}.Release|x64.ActiveCfg = Release|Any CPU
		{3043BA1D-2B48-4707-90FA-C719D8596D7E}.Release|x64.Build.0 = Release|Any CPU
		{3043BA1D-2B48-4707-90FA-C719D8596D7E}.Release|x86.ActiveCfg = Release|Any CPU
		{3043BA1D-2B48-4707-90FA-C719D8596D7E}.Release|x86.Build.0 = Release|Any CPU
	EndGlobalSection
	GlobalSection(NestedProjects) = preSolution
		{EC07C396-CDEB-4043-B995-6261ADE3C795} = {CBCF3727-245D-43BE-B128-4AC7B7416502}
		{3043BA1D-2B48-4707-90FA-C719D8596D7E} = {CBCF3727-245D-43BE-B128-4AC7B7416502}
	EndGlobalSection
EndGlobal
